{
    "version": 3,
    "terraform_version": "0.11.1",
    "serial": 28,
    "lineage": "7b302f4b-f583-4f3f-bf1d-e9e8dc255c21",
    "modules": [
        {
            "path": [
                "root"
            ],
            "outputs": {},
            "resources": {
                "rancher_environment.env1": {
                    "type": "rancher_environment",
                    "depends_on": [],
                    "primary": {
                        "id": "1a102",
                        "attributes": {
                            "description": "Default env1",
                            "id": "1a102",
                            "member.#": "1",
                            "member.4151927288.external_id": "1a1",
                            "member.4151927288.external_id_type": "rancher_id",
                            "member.4151927288.role": "owner",
                            "name": "env1",
                            "orchestration": "cattle",
                            "project_template_id": "1pt5"
                        },
                        "meta": {},
                        "tainted": false
                    },
                    "deposed": [],
                    "provider": "provider.rancher"
                }
            },
            "depends_on": []
        }
    ]
}
